
Microsoft Visual Studio Solution File, Format Version 12.00
# Visual Studio Version 17
VisualStudioVersion = 17.13.35818.85 d17.13
MinimumVisualStudioVersion = 10.0.40219.1
Project("{FAE04EC0-301F-11D3-BF4B-00C04F79EFBC}") = "NotePad", "NotePad.csproj", "{B23EDCCC-0486-4161-8F11-CB30ECFF79C1}"
EndProject
Global
	GlobalSection(SolutionConfigurationPlatforms) = preSolution
		Debug|Any CPU = Debug|Any CPU
		Release|Any CPU = Release|Any CPU
	EndGlobalSection
	GlobalSection(ProjectConfigurationPlatforms) = postSolution
		{B23EDCCC-0486-4161-8F11-CB30ECFF79C1}.Debug|Any CPU.ActiveCfg = Debug|Any CPU
		{B23EDCCC-0486-4161-8F11-CB30ECFF79C1}.Debug|Any CPU.Build.0 = Debug|Any CPU
		{B23EDCCC-0486-4161-8F11-CB30ECFF79C1}.Release|Any CPU.ActiveCfg = Release|Any CPU
		{B23EDCCC-0486-4161-8F11-CB30ECFF79C1}.Release|Any CPU.Build.0 = Release|Any CPU
	EndGlobalSection
	GlobalSection(SolutionProperties) = preSolution
		HideSolutionNode = FALSE
	EndGlobalSection
	GlobalSection(ExtensibilityGlobals) = postSolution
		SolutionGuid = {5050EB41-060B-4CC6-AE3C-580A7DE7587C}
	EndGlobalSection
EndGlobal
